
Microsoft Visual Studio Solution File, Format Version 12.00
# Visual Studio Version 17
VisualStudioVersion = 17.11.35222.181
MinimumVisualStudioVersion = 10.0.40219.1
Project("{FAE04EC0-301F-11D3-BF4B-00C04F79EFBC}") = "OAB", "OAB\OAB.csproj", "{0D52B1FD-D85F-4321-BEB2-B0328274D075}"
EndProject
Global
	GlobalSection(SolutionConfigurationPlatforms) = preSolution
		Debug|Any CPU = Debug|Any CPU
		Release|Any CPU = Release|Any CPU
	EndGlobalSection
	GlobalSection(ProjectConfigurationPlatforms) = postSolution
		{0D52B1FD-D85F-4321-BEB2-B0328274D075}.Debug|Any CPU.ActiveCfg = Debug|Any CPU
		{0D52B1FD-D85F-4321-BEB2-B0328274D075}.Debug|Any CPU.Build.0 = Debug|Any CPU
		{0D52B1FD-D85F-4321-BEB2-B0328274D075}.Release|Any CPU.ActiveCfg = Release|Any CPU
		{0D52B1FD-D85F-4321-BEB2-B0328274D075}.Release|Any CPU.Build.0 = Release|Any CPU
	EndGlobalSection
	GlobalSection(SolutionProperties) = preSolution
		HideSolutionNode = FALSE
	EndGlobalSection
	GlobalSection(ExtensibilityGlobals) = postSolution
		SolutionGuid = {CB1A7804-70A2-4B23-879B-9341F7A38EAB}
	EndGlobalSection
EndGlobal
